# THIS IS AN AUTOGENERATED FILE. DO NOT EDIT THIS FILE DIRECTLY.
# yarn lockfile v1


a-sync-waterfall@^1.0.0:
  version "1.0.1"
  resolved "https://registry.yarnpkg.com/a-sync-waterfall/-/a-sync-waterfall-1.0.1.tgz#75b6b6aa72598b497a125e7a2770f14f4c8a1fa7"
  integrity sha512-RYTOHHdWipFUliRFMCS4X2Yn2X8M87V/OpSqWzKKOGhzqyUxzyVmhHDH9sAvG+ZuQf/TAOFsLCpMw09I1ufUnA==

argparse@^1.0.7:
  version "1.0.10"
  resolved "https://registry.yarnpkg.com/argparse/-/argparse-1.0.10.tgz#bcd6791ea5ae09725e17e5ad988134cd40b3d911"
  integrity sha512-o5Roy6tNG4SL/FOkCAN6RzjiakZS25RLYFrcMttJqbdd8BWrnA+fGz57iN5Pb06pvBGvl5gQ0B48dJlslXvoTg==
  dependencies:
    sprintf-js "~1.0.2"

argparse@^2.0.1:
  version "2.0.1"
  resolved "https://registry.yarnpkg.com/argparse/-/argparse-2.0.1.tgz#246f50f3ca78a3240f6c997e8a9bd1eac49e4b38"
  integrity sha512-8+9WqebbFzpX9OR+Wa6O29asIogeRMzcGtAINdpMHHyAg10f05aSFVBbcEqGf/PXw1EjAZ+q2/bEBg3DvurK3Q==

asap@^2.0.3:
  version "2.0.6"
  resolved "https://registry.yarnpkg.com/asap/-/asap-2.0.6.tgz#e50347611d7e690943208bbdafebcbc2fb866d46"
  integrity sha512-BSHWgDSAiKs50o2Re8ppvp3seVHXSRM44cdSsT9FfNEUUZLOGWVCsiWaRPWM1Znn+mqZ1OfVZ3z3DWEzSp7hRA==

asciimath-to-latex@^0.3.2:
  version "0.3.2"
  resolved "https://registry.yarnpkg.com/asciimath-to-latex/-/asciimath-to-latex-0.3.2.tgz#1f6e6b36ccc11e3de0ceeffa3dce16483ec28b4e"
  integrity sha512-+80CDzm6nXdtsYwUdxBOLo7FA6ZO5CfRyYHgqLpUZgavPYqodXHamOQuLZJksV+4CUteJs1h7cBaF63d2qa97Q==

balanced-match@^1.0.0:
  version "1.0.2"
  resolved "https://registry.yarnpkg.com/balanced-match/-/balanced-match-1.0.2.tgz#e83e3a7e3f300b34cb9d87f615fa0cbf357690ee"
  integrity sha512-3oSeUO0TMV67hN1AmbXsK4yaqU7tjiHlbxRDZOpH0KW9+CeX4bRAaX0Anxt0tx2MrpRpWwQaPwIlISEJhYU5Pw==

boolbase@^1.0.0:
  version "1.0.0"
  resolved "https://registry.yarnpkg.com/boolbase/-/boolbase-1.0.0.tgz#68dff5fbe60c51eb37725ea9e3ed310dcc1e776e"
  integrity sha512-JZOSA7Mo9sNGB8+UjSgzdLtokWAky1zbztM3WRLCbZ70/3cTANmQmOdR7y2g+J0e2WXywy1yS468tY+IruqEww==

brace-expansion@^2.0.1:
  version "2.0.1"
  resolved "https://registry.yarnpkg.com/brace-expansion/-/brace-expansion-2.0.1.tgz#1edc459e0f0c548486ecf9fc99f2221364b9a0ae"
  integrity sha512-XnAIvQ8eM+kC6aULx6wuQiwVsnzsi9d3WxzV3FpWTGA19F621kwdbsAcFKXgKUHZWsy+mY6iL1sHTxWEFCytDA==
  dependencies:
    balanced-match "^1.0.0"

cheerio-select@^2.1.0:
  version "2.1.0"
  resolved "https://registry.yarnpkg.com/cheerio-select/-/cheerio-select-2.1.0.tgz#4d8673286b8126ca2a8e42740d5e3c4884ae21b4"
  integrity sha512-9v9kG0LvzrlcungtnJtpGNxY+fzECQKhK4EGJX2vByejiMX84MFNQw4UxPJl3bFbTMw+Dfs37XaIkCwTZfLh4g==
  dependencies:
    boolbase "^1.0.0"
    css-select "^5.1.0"
    css-what "^6.1.0"
    domelementtype "^2.3.0"
    domhandler "^5.0.3"
    domutils "^3.0.1"

cheerio@^1.0.0-rc.12:
  version "1.0.0-rc.12"
  resolved "https://registry.yarnpkg.com/cheerio/-/cheerio-1.0.0-rc.12.tgz#788bf7466506b1c6bf5fae51d24a2c4d62e47683"
  integrity sha512-VqR8m68vM46BNnuZ5NtnGBKIE/DfN0cRIzg9n40EIq9NOv90ayxLBXA8fXC5gquFRGJSTRqBq25Jt2ECLR431Q==
  dependencies:
    cheerio-select "^2.1.0"
    dom-serializer "^2.0.0"
    domhandler "^5.0.3"
    domutils "^3.0.1"
    htmlparser2 "^8.0.1"
    parse5 "^7.0.0"
    parse5-htmlparser2-tree-adapter "^7.0.0"

commander@^10.0.0:
  version "10.0.0"
  resolved "https://registry.yarnpkg.com/commander/-/commander-10.0.0.tgz#71797971162cd3cf65f0b9d24eb28f8d303acdf1"
  integrity sha512-zS5PnTI22FIRM6ylNW8G4Ap0IEOyk62fhLSD0+uHRT9McRCLGpkVNvao4bjimpK/GShynyQkFFxHhwMcETmduA==

commander@^5.1.0:
  version "5.1.0"
  resolved "https://registry.yarnpkg.com/commander/-/commander-5.1.0.tgz#46abbd1652f8e059bddaef99bbdcb2ad9cf179ae"
  integrity sha512-P0CysNDQ7rtVw4QIQtm+MRxV66vKFSvlsQvGYXZWR3qFU0jlMKHZZZgw8e+8DSah4UDKMqnknRDQz+xuQXQ/Zg==

css-select@^5.1.0:
  version "5.1.0"
  resolved "https://registry.yarnpkg.com/css-select/-/css-select-5.1.0.tgz#b8ebd6554c3637ccc76688804ad3f6a6fdaea8a6"
  integrity sha512-nwoRF1rvRRnnCqqY7updORDsuqKzqYJ28+oSMaJMMgOauh3fvwHqMS7EZpIPqK8GL+g9mKxF1vP/ZjSeNjEVHg==
  dependencies:
    boolbase "^1.0.0"
    css-what "^6.1.0"
    domhandler "^5.0.2"
    domutils "^3.0.1"
    nth-check "^2.0.1"

css-what@^6.1.0:
  version "6.1.0"
  resolved "https://registry.yarnpkg.com/css-what/-/css-what-6.1.0.tgz#fb5effcf76f1ddea2c81bdfaa4de44e79bac70f4"
  integrity sha512-HTUrgRJ7r4dsZKU6GjmpfRK1O76h97Z8MfS1G0FozR+oF2kG6Vfe8JE6zwrkbxigziPHinCJ+gCPjA9EaBDtRw==

d3@3.5.17:
  version "3.5.17"
  resolved "https://registry.yarnpkg.com/d3/-/d3-3.5.17.tgz#bc46748004378b21a360c9fc7cf5231790762fb8"
  integrity sha512-yFk/2idb8OHPKkbAL8QaOaqENNoMhIaSHZerk3oQsECwkObkCpJyjYwCe+OHiq6UEdhe1m8ZGARRRO3ljFjlKg==

dagre-d3-renderer@^0.4.25:
  version "0.4.26"
  resolved "https://registry.yarnpkg.com/dagre-d3-renderer/-/dagre-d3-renderer-0.4.26.tgz#648a491209b853ae96ddf3fea41a1f104479a5a1"
  integrity sha512-vOWj1uA4/APTrfDyfHaH/xpfXhPh9rszW+HOaEwPCeA6Afl06Lobfh7OpESuVMQW2QGuY4UQ7pte/p0WhdDs7w==
  dependencies:
    d3 "3.5.17"
    dagre-layout "^0.8.0"
    graphlib "^2.1.1"
    lodash "^4.17.4"

dagre-layout@^0.8.0:
  version "0.8.8"
  resolved "https://registry.yarnpkg.com/dagre-layout/-/dagre-layout-0.8.8.tgz#9b6792f24229f402441c14162c1049e3f261f6d9"
  integrity sha512-ZNV15T9za7X+fV8Z07IZquUKugCxm5owoiPPxfEx6OJRD331nkiIaF3vSt0JEY5FkrY0KfRQxcpQ3SpXB7pLPQ==
  dependencies:
    graphlibrary "^2.2.0"
    lodash "^4.17.5"

dom-serializer@^2.0.0:
  version "2.0.0"
  resolved "https://registry.yarnpkg.com/dom-serializer/-/dom-serializer-2.0.0.tgz#e41b802e1eedf9f6cae183ce5e622d789d7d8e53"
  integrity sha512-wIkAryiqt/nV5EQKqQpo3SToSOV9J0DnbJqwK7Wv/Trc92zIAYZ4FlMu+JPFW1DfGFt81ZTCGgDEabffXeLyJg==
  dependencies:
    domelementtype "^2.3.0"
    domhandler "^5.0.2"
    entities "^4.2.0"

domelementtype@^2.3.0:
  version "2.3.0"
  resolved "https://registry.yarnpkg.com/domelementtype/-/domelementtype-2.3.0.tgz#5c45e8e869952626331d7aab326d01daf65d589d"
  integrity sha512-OLETBj6w0OsagBwdXnPdN0cnMfF9opN69co+7ZrbfPGrdpPVNBUj02spi6B1N7wChLQiPn4CSH/zJvXw56gmHw==

domhandler@^5.0.1, domhandler@^5.0.2, domhandler@^5.0.3:
  version "5.0.3"
  resolved "https://registry.yarnpkg.com/domhandler/-/domhandler-5.0.3.tgz#cc385f7f751f1d1fc650c21374804254538c7d31"
  integrity sha512-cgwlv/1iFQiFnU96XXgROh8xTeetsnJiDsTc7TYCLFd9+/WNkIqPTxiM/8pSd8VIrhXGTf1Ny1q1hquVqDJB5w==
  dependencies:
    domelementtype "^2.3.0"

domutils@^3.0.1:
  version "3.0.1"
  resolved "https://registry.yarnpkg.com/domutils/-/domutils-3.0.1.tgz#696b3875238338cb186b6c0612bd4901c89a4f1c"
  integrity sha512-z08c1l761iKhDFtfXO04C7kTdPBLi41zwOZl00WS8b5eiaebNpY00HKbztwBq+e3vyqWNwWF3mP9YLUeqIrF+Q==
  dependencies:
    dom-serializer "^2.0.0"
    domelementtype "^2.3.0"
    domhandler "^5.0.1"

emojione@^3.1.2:
  version "3.1.7"
  resolved "https://registry.yarnpkg.com/emojione/-/emojione-3.1.7.tgz#2d3c725c696f179c9dde3acb655c621ee9429b1e"
  integrity sha512-ITb0rrx6iuJKBnThRUE0uiGkwriwnY+919vxsAF+EqBHXhyjCTAcUo/nPNWodHaOJvKGdI1mel2o6TyyxBjjLw==

entities@^4.2.0, entities@^4.3.0, entities@^4.4.0:
  version "4.4.0"
  resolved "https://registry.yarnpkg.com/entities/-/entities-4.4.0.tgz#97bdaba170339446495e653cfd2db78962900174"
  integrity sha512-oYp7156SP8LkeGD0GF85ad1X9Ai79WtRsZ2gxJqtBuzH+98YUV6jkHEKlZkMbcrjJjIVJNIDP/3WL9wQkoPbWA==

entities@~1.1.1:
  version "1.1.2"
  resolved "https://registry.yarnpkg.com/entities/-/entities-1.1.2.tgz#bdfa735299664dfafd34529ed4f8522a275fea56"
  integrity sha512-f2LZMYl1Fzu7YSBKg+RoROelpOaNrcGmE9AZubeDfrCEia483oW4MI4VyFd5VNHIgQ/7qm1I0wUHK1eJnn2y2w==

font-awesome-icon-chars@^1.3.0:
  version "1.3.0"
  resolved "https://registry.yarnpkg.com/font-awesome-icon-chars/-/font-awesome-icon-chars-1.3.0.tgz#c2cd1628ce67e14f66803044216d91b65e94b741"
  integrity sha512-8Jyv4DApOm6OK6hMVgDeymDEBmztLoXU9iUiIadKsS/FfgeRqFQW8PUwG5pLVoz8yNPaRn7JgWralUV6Fms9nA==

fs.realpath@^1.0.0:
  version "1.0.0"
  resolved "https://registry.yarnpkg.com/fs.realpath/-/fs.realpath-1.0.0.tgz#1504ad2523158caa40db4a2787cb01411994ea4f"
  integrity sha512-OO0pH2lK6a0hZnAdau5ItzHPI6pUlvI7jMVnxUQRtw4owF2wk8lOSabtGDCTP4Ggrg2MbGnWO9X8K1t4+fGMDw==

github-css@^0.1.1:
  version "0.1.1"
  resolved "https://registry.yarnpkg.com/github-css/-/github-css-0.1.1.tgz#c81cfa9896dbbb2912d5b2d9b8dd5c6606657057"
  integrity sha512-omRMaUJNDhGhuizbS3Eg9rYm2xxU6nZac2raDiOsjMMq6oeuVuPsVat9a1Pg3jRtxsbaq7XX6SUf6mHKWhyw0A==

glob@^9.0.1:
  version "9.0.2"
  resolved "https://registry.yarnpkg.com/glob/-/glob-9.0.2.tgz#9f048465b4c78a016615b5784b016d2907ea840b"
  integrity sha512-s6v83yj/qsUHZTp4d1Pq9HkB2tROINGxXhKYspF0kGvVqPlEPrUo4WDnSffO1611xYvkuK3mgoo86mdulYCX4A==
  dependencies:
    fs.realpath "^1.0.0"
    minimatch "^7.3.0"
    minipass "^4.2.4"
    path-scurry "^1.5.0"

graphlib@^2.1.1:
  version "2.1.8"
  resolved "https://registry.yarnpkg.com/graphlib/-/graphlib-2.1.8.tgz#5761d414737870084c92ec7b5dbcb0592c9d35da"
  integrity sha512-jcLLfkpoVGmH7/InMC/1hIvOPSUh38oJtGhvrOFGzioE1DZ+0YW16RgmOJhHiuWTvGiJQ9Z1Ik43JvkRPRvE+A==
  dependencies:
    lodash "^4.17.15"

graphlibrary@^2.2.0:
  version "2.2.0"
  resolved "https://registry.yarnpkg.com/graphlibrary/-/graphlibrary-2.2.0.tgz#017a14899775228dec4497a39babfdd6bf56eac6"
  integrity sha512-XTcvT55L8u4MBZrM37zXoUxsgxs/7sow7YSygd9CIwfWTVO8RVu7AYXhhCiTuFEf+APKgx6Jk4SuQbYR0vYKmQ==
  dependencies:
    lodash "^4.17.5"

he@^1.1.1:
  version "1.2.0"
  resolved "https://registry.yarnpkg.com/he/-/he-1.2.0.tgz#84ae65fa7eafb165fddb61566ae14baf05664f0f"
  integrity sha512-F/1DnUGPopORZi0ni+CvrCgHQ5FyEAHRLSApuYWMmrbSwoN2Mn/7k+Gl38gJnR7yyDZk6WLXwiGod1JOWNDKGw==

highlight.js@^9.12.0:
  version "9.18.5"
  resolved "https://registry.yarnpkg.com/highlight.js/-/highlight.js-9.18.5.tgz#d18a359867f378c138d6819edfc2a8acd5f29825"
  integrity sha512-a5bFyofd/BHCX52/8i8uJkjr9DYwXIPnM/plwI6W7ezItLGqzt7X2G2nXuYSfsIJdkwwj/g9DG1LkcGJI/dDoA==

htmlparser2@^8.0.1:
  version "8.0.1"
  resolved "https://registry.yarnpkg.com/htmlparser2/-/htmlparser2-8.0.1.tgz#abaa985474fcefe269bc761a779b544d7196d010"
  integrity sha512-4lVbmc1diZC7GUJQtRQ5yBAeUCL1exyMwmForWkRLnwyzWBFxN633SALPMGYaWZvKe9j1pRZJpauvmxENSp/EA==
  dependencies:
    domelementtype "^2.3.0"
    domhandler "^5.0.2"
    domutils "^3.0.1"
    entities "^4.3.0"

js-yaml@^4.1.0:
  version "4.1.0"
  resolved "https://registry.yarnpkg.com/js-yaml/-/js-yaml-4.1.0.tgz#c1fb65f8f5017901cdd2c951864ba18458a10602"
  integrity sha512-wpxZs9NoxZaJESJGIZTyDEaYpl0FKSA+FB9aJiyemKhMwkxQg63h4T1KJgUGHpTqPDNRcmmYLugrRjJlBtWvRA==
  dependencies:
    argparse "^2.0.1"

katex@^0.9.0-alpha2:
  version "0.9.0"
  resolved "https://registry.yarnpkg.com/katex/-/katex-0.9.0.tgz#26a7d082c21d53725422d2d71da9b2d8455fbd4a"
  integrity sha512-lp3x90LT1tDZBW2tjLheJ98wmRMRjUHwk4QpaswT9bhqoQZ+XA4cPcjcQBxgOQNwaOSt6ZeL/a6GKQ1of3LFxQ==
  dependencies:
    match-at "^0.1.1"

linkify-it@^2.0.0:
  version "2.2.0"
  resolved "https://registry.yarnpkg.com/linkify-it/-/linkify-it-2.2.0.tgz#e3b54697e78bf915c70a38acd78fd09e0058b1cf"
  integrity sha512-GnAl/knGn+i1U/wjBz3akz2stz+HrHLsxMwHQGofCDfPvlf+gDKN58UtfmUquTY4/MXeE2x7k19KQmeoZi94Iw==
  dependencies:
    uc.micro "^1.0.1"

lodash@^4.17.15, lodash@^4.17.21, lodash@^4.17.4, lodash@^4.17.5:
  version "4.17.21"
  resolved "https://registry.yarnpkg.com/lodash/-/lodash-4.17.21.tgz#679591c564c3bffaae8454cf0b3df370c3d6911c"
  integrity sha512-v2kDEe57lecTulaDIuNTPy3Ry4gLGJ6Z1O3vE1krgXZNrsQ+LFTGHVxVjcXPs17LhbZVGedAJv8XZ1tvj5FvSg==

lru-cache@^7.14.1:
  version "7.17.0"
  resolved "https://registry.yarnpkg.com/lru-cache/-/lru-cache-7.17.0.tgz#00c7ba5919e5ea7c69ff94ddabbf32cb09ab805c"
  integrity sha512-zSxlVVwOabhVyTi6E8gYv2cr6bXK+8ifYz5/uyJb9feXX6NACVDwY4p5Ut3WC3Ivo/QhpARHU3iujx2xGAYHbQ==

maml@^0.7.0:
  version "0.7.0"
  resolved "https://registry.yarnpkg.com/maml/-/maml-0.7.0.tgz#db34576277cb402070a14ff6b58832f9c634fe21"
  integrity sha512-yTV7l/jFBoAeaNtF6iLZrHICkUxCE/Nle39p0EAgCA48aFUIaWI18QvpdkoHTOo3rw3ytslkSe0M92O915efcQ==
  dependencies:
    commander "^10.0.0"
    glob "^9.0.1"
    js-yaml "^4.1.0"
    lodash "^4.17.21"
    nunjucks "^3.2.3"
    ramda "^0.28.0"

markdown-core@^1.2.1:
  version "1.2.1"
  resolved "https://registry.yarnpkg.com/markdown-core/-/markdown-core-1.2.1.tgz#f8ad3dad0c93e2e8f73b9627e839da6f9fca4df2"
  integrity sha512-/NH58urlLUNePNRY/gIUx6NBHAR9NdPs8HIzGOeP1ZssoO9M9mhITtIGbrY6+WQDPQVPC0ThyXLZTaWFP43LCA==
  dependencies:
    github-css "^0.1.1"
    markdown-it "^8.4.0"
    markdown-it-abbr "^1.0.4"
    markdown-it-chart "^0.2.0"
    markdown-it-container "^2.0.0"
    markdown-it-deflist "^2.0.3"
    markdown-it-footnote "^3.0.1"
    markdown-it-github-toc "^3.2.4"
    markdown-it-highlight "^0.2.0"
    markdown-it-icons "^0.4.1"
    markdown-it-ins "^2.0.0"
    markdown-it-latex "^0.2.0"
    markdown-it-mark "^2.0.0"
    markdown-it-mermaid "^0.2.5"
    markdown-it-source-map "^0.1.1"
    markdown-it-sub "^1.0.0"
    markdown-it-sup "^1.0.0"
    markdown-it-task-list "^0.1.2"

markdown-it-abbr@^1.0.4:
  version "1.0.4"
  resolved "https://registry.yarnpkg.com/markdown-it-abbr/-/markdown-it-abbr-1.0.4.tgz#d66b5364521cbb3dd8aa59dadfba2fb6865c8fd8"
  integrity sha512-ZeA4Z4SaBbYysZap5iZcxKmlPL6bYA8grqhzJIHB1ikn7njnzaP8uwbtuXc4YXD5LicI4/2Xmc0VwmSiFV04gg==

markdown-it-chart@^0.2.0:
  version "0.2.0"
  resolved "https://registry.yarnpkg.com/markdown-it-chart/-/markdown-it-chart-0.2.0.tgz#5b8a6ec8f44db11df7fabfd28acb3beca6f8b6ff"
  integrity sha512-BFiWDlQACJlnXDolLxYTg7qHMh+LvJHgSAfNYZbyF3Fy+4aJaJALErvQfDxD/o5SfAOfTyMcxFTYgy8NbehwQQ==

markdown-it-container@^2.0.0:
  version "2.0.0"
  resolved "https://registry.yarnpkg.com/markdown-it-container/-/markdown-it-container-2.0.0.tgz#0019b43fd02eefece2f1960a2895fba81a404695"
  integrity sha512-IxPOaq2LzrGuFGyYq80zaorXReh2ZHGFOB1/Hen429EJL1XkPI3FJTpx9TsJeua+j2qTru4h3W1TiCRdeivMmA==

markdown-it-deflist@^2.0.3:
  version "2.1.0"
  resolved "https://registry.yarnpkg.com/markdown-it-deflist/-/markdown-it-deflist-2.1.0.tgz#50d7a56b9544cd81252f7623bd785e28a8dcef5c"
  integrity sha512-3OuqoRUlSxJiuQYu0cWTLHNhhq2xtoSFqsZK8plANg91+RJQU1ziQ6lA2LzmFAEes18uPBsHZpcX6We5l76Nzg==

markdown-it-footnote@^3.0.1:
  version "3.0.3"
  resolved "https://registry.yarnpkg.com/markdown-it-footnote/-/markdown-it-footnote-3.0.3.tgz#e0e4c0d67390a4c5f0c75f73be605c7c190ca4d8"
  integrity sha512-YZMSuCGVZAjzKMn+xqIco9d1cLGxbELHZ9do/TSYVzraooV8ypsppKNmUJ0fVH5ljkCInQAtFpm8Rb3eXSrt5w==

markdown-it-github-toc@^3.2.4:
  version "3.2.4"
  resolved "https://registry.yarnpkg.com/markdown-it-github-toc/-/markdown-it-github-toc-3.2.4.tgz#67cd760c303698a1f196d9c18a384d4d80de1a7b"
  integrity sha512-2zgUxrvD3vw90eBtOodU5D47rLF6STtrzlZhct2bFeJpEtmXIEpmFyGkuZmfzVc5NYKB+cbrp3GjHyPCTXBjwQ==
  dependencies:
    uslug "^1.0.4"

markdown-it-highlight@^0.2.0:
  version "0.2.0"
  resolved "https://registry.yarnpkg.com/markdown-it-highlight/-/markdown-it-highlight-0.2.0.tgz#6955a438eefed1cde54edd5ea6b9f6b186846fb1"
  integrity sha512-VpJBiZSa3beosuxpynyKY1y1Nd/axF95UdSyiPjGtI1IKa+WK46M1GvN5R3Tcf4ZQjCmrGdGls6UBP8P0MMuwg==
  dependencies:
    highlight.js "^9.12.0"

markdown-it-icons@^0.4.1:
  version "0.4.1"
  resolved "https://registry.yarnpkg.com/markdown-it-icons/-/markdown-it-icons-0.4.1.tgz#40a3a688237a3d76c7902f98670b5b12c98197fb"
  integrity sha512-FFo5pkIq5Ovdq53lJ+lzhVz9wl+JjNv5wDaQM2DPGWmmi4ygfYQjD1zgHdiTUWGxTLEioDlIyPwh8LMeQ74+zg==
  dependencies:
    emojione "^3.1.2"
    font-awesome-icon-chars "^1.3.0"
    markdown-it-regex "^0.1.4"

markdown-it-ins@^2.0.0:
  version "2.0.0"
  resolved "https://registry.yarnpkg.com/markdown-it-ins/-/markdown-it-ins-2.0.0.tgz#a5aa6a30f1e2f71e9497567cfdff40f1fde67483"
  integrity sha512-DhLLxseIg2C7+AULvoyVI+zMeufR0QFvXJ2o0oV013hN5HvBvNh2rbVtTdxZjI959+hgo2AA0aRdtEIUaKPbhg==

markdown-it-latex@^0.2.0:
  version "0.2.0"
  resolved "https://registry.yarnpkg.com/markdown-it-latex/-/markdown-it-latex-0.2.0.tgz#b7421ddb8ecfdb65f4428b50691c1308e18ab2f0"
  integrity sha512-vCaS6Dws9faA8lZel7Slfa1IYEnbYOjHzian/tDBulONBS+f9vRkFfQ4S0eFnTGtDTTXqE7zAnoezkv18b9IIA==
  dependencies:
    asciimath-to-latex "^0.3.2"
    katex "^0.9.0-alpha2"

markdown-it-mark@^2.0.0:
  version "2.0.0"
  resolved "https://registry.yarnpkg.com/markdown-it-mark/-/markdown-it-mark-2.0.0.tgz#46a1aa947105aed8188978e0a016179e404f42c7"
  integrity sha512-iT8ua0Bda8QrVwHDOUNw1eyCuL7irXeYch5n8zGS4tb7wsDIn7EjQZLjihKaijzBiL0ikfWL2zAvL/ECqTvsNA==

markdown-it-mermaid@^0.2.5:
  version "0.2.5"
  resolved "https://registry.yarnpkg.com/markdown-it-mermaid/-/markdown-it-mermaid-0.2.5.tgz#aa6e488a5f4ab2006b4a63e22f315683495c1877"
  integrity sha512-ZUTFRX+cXEtWmn/9LMlpVklPJiDrHPWyHE/wamC2wm0Ojh1qOcuKWfWW3BqP83+7w6C59rS7M3OrGTs/u9mQTA==
  dependencies:
    mermaid "^7.1.2"

markdown-it-regex@^0.1.4:
  version "0.1.4"
  resolved "https://registry.yarnpkg.com/markdown-it-regex/-/markdown-it-regex-0.1.4.tgz#ca3209fca7665f7b80b23fecb6998c1d252a585a"
  integrity sha512-EjsH5pYfKJRZ7t3fD1nD/KIk06hWT9ZoycOOc8n04BPgml6HleP/F9gSLWeQaUsPvSk5Yz2fr4iCY0bLp051bA==

markdown-it-source-map@^0.1.1:
  version "0.1.1"
  resolved "https://registry.yarnpkg.com/markdown-it-source-map/-/markdown-it-source-map-0.1.1.tgz#8d8c3eab35ed1eb5399ec71814a4b435e275556f"
  integrity sha512-q4+ij82K/0C6O8rw/NnWogcgp3AeQykZZ5954yyxY8pcX8Rago8uAS7e+4Ogd6rERf/tDAen73KwT+Sb7dP/6w==

markdown-it-sub@^1.0.0:
  version "1.0.0"
  resolved "https://registry.yarnpkg.com/markdown-it-sub/-/markdown-it-sub-1.0.0.tgz#375fd6026eae7ddcb012497f6411195ea1e3afe8"
  integrity sha512-z2Rm/LzEE1wzwTSDrI+FlPEveAAbgdAdPhdWarq/ZGJrGW/uCQbKAnhoCsE4hAbc3SEym26+W2z/VQB0cQiA9Q==

markdown-it-sup@^1.0.0:
  version "1.0.0"
  resolved "https://registry.yarnpkg.com/markdown-it-sup/-/markdown-it-sup-1.0.0.tgz#cb9c9ff91a5255ac08f3fd3d63286e15df0a1fc3"
  integrity sha512-E32m0nV9iyhRR7CrhnzL5msqic7rL1juWre6TQNxsnApg7Uf+F97JOKxUijg5YwXz86lZ0mqfOnutoryyNdntQ==

markdown-it-task-list@^0.1.2:
  version "0.1.2"
  resolved "https://registry.yarnpkg.com/markdown-it-task-list/-/markdown-it-task-list-0.1.2.tgz#226cc00bfed82cc635c8feecd39eecba6accafcc"
  integrity sha512-PEMPS3dXvtzePTgxxUb9G10OL3saqam/NDqo5pp3kaYG5q1L5yJCJtjxbfpLDFPTpuonscYbkdGIs+QqMfqqzA==

markdown-it@^8.4.0:
  version "8.4.2"
  resolved "https://registry.yarnpkg.com/markdown-it/-/markdown-it-8.4.2.tgz#386f98998dc15a37722aa7722084f4020bdd9b54"
  integrity sha512-GcRz3AWTqSUphY3vsUqQSFMbgR38a4Lh3GWlHRh/7MRwz8mcu9n2IO7HOh+bXHrR9kOPDl5RNCaEsrneb+xhHQ==
  dependencies:
    argparse "^1.0.7"
    entities "~1.1.1"
    linkify-it "^2.0.0"
    mdurl "^1.0.1"
    uc.micro "^1.0.5"

match-at@^0.1.1:
  version "0.1.1"
  resolved "https://registry.yarnpkg.com/match-at/-/match-at-0.1.1.tgz#25d040d291777704d5e6556bbb79230ec2de0540"
  integrity sha512-h4Yd392z9mST+dzc+yjuybOGFNOZjmXIPKWjxBd1Bb23r4SmDOsk2NYCU2BMUBGbSpZqwVsZYNq26QS3xfaT3Q==

mdurl@^1.0.1:
  version "1.0.1"
  resolved "https://registry.yarnpkg.com/mdurl/-/mdurl-1.0.1.tgz#fe85b2ec75a59037f2adfec100fd6c601761152e"
  integrity sha512-/sKlQJCBYVY9Ers9hqzKou4H6V5UWc/M59TH2dvkt+84itfnq7uFOMLpOiOS4ujvHP4etln18fmIxA5R5fll0g==

mermaid@^7.1.2:
  version "7.1.2"
  resolved "https://registry.yarnpkg.com/mermaid/-/mermaid-7.1.2.tgz#6265728156c2e0891e004cba60a44022174487ad"
  integrity sha512-bDLu3fQuf3/R0fNkNzB0GTaF7+6SxnZpfTs9DVQF1ougsuP23MBzvEIGfL0ML8zeyg7+J2D+0AaoLVhskW5ulw==
  dependencies:
    d3 "3.5.17"
    dagre-d3-renderer "^0.4.25"
    dagre-layout "^0.8.0"
    he "^1.1.1"
    lodash "^4.17.4"
    moment "^2.20.1"

minimatch@^7.3.0:
  version "7.3.0"
  resolved "https://registry.yarnpkg.com/minimatch/-/minimatch-7.3.0.tgz#cfb7337e7460308e7147c58250fa0dee3da7929c"
  integrity sha512-WaMDuhKa7a6zKiwplR1AOz+zGvJba24k5VU1Cy6NhEguavT2YRlHxuINUgTas4wiS6fwBpYq4TcA1XIECSntyw==
  dependencies:
    brace-expansion "^2.0.1"

minipass@^4.0.2, minipass@^4.2.4:
  version "4.2.4"
  resolved "https://registry.yarnpkg.com/minipass/-/minipass-4.2.4.tgz#7d0d97434b6a19f59c5c3221698b48bbf3b2cd06"
  integrity sha512-lwycX3cBMTvcejsHITUgYj6Gy6A7Nh4Q6h9NP4sTHY1ccJlC7yKzDmiShEHsJ16Jf1nKGDEaiHxiltsJEvk0nQ==

moment@^2.20.1:
  version "2.29.4"
  resolved "https://registry.yarnpkg.com/moment/-/moment-2.29.4.tgz#3dbe052889fe7c1b2ed966fcb3a77328964ef108"
  integrity sha512-5LC9SOxjSc2HF6vO2CyuTDNivEdoz2IvyJJGj6X8DJ0eFyfszE0QiEd+iXmBvUP3WHxSjFH/vIsA0EN00cgr8w==

nth-check@^2.0.1:
  version "2.1.1"
  resolved "https://registry.yarnpkg.com/nth-check/-/nth-check-2.1.1.tgz#c9eab428effce36cd6b92c924bdb000ef1f1ed1d"
  integrity sha512-lqjrjmaOoAnWfMmBPL+XNnynZh2+swxiX3WUE0s4yEHI6m+AwrK2UZOimIRl3X/4QctVqS8AiZjFqyOGrMXb/w==
  dependencies:
    boolbase "^1.0.0"

nunjucks@^3.2.3:
  version "3.2.3"
  resolved "https://registry.yarnpkg.com/nunjucks/-/nunjucks-3.2.3.tgz#1b33615247290e94e28263b5d855ece765648a31"
  integrity sha512-psb6xjLj47+fE76JdZwskvwG4MYsQKXUtMsPh6U0YMvmyjRtKRFcxnlXGWglNybtNTNVmGdp94K62/+NjF5FDQ==
  dependencies:
    a-sync-waterfall "^1.0.0"
    asap "^2.0.3"
    commander "^5.1.0"

parse5-htmlparser2-tree-adapter@^7.0.0:
  version "7.0.0"
  resolved "https://registry.yarnpkg.com/parse5-htmlparser2-tree-adapter/-/parse5-htmlparser2-tree-adapter-7.0.0.tgz#23c2cc233bcf09bb7beba8b8a69d46b08c62c2f1"
  integrity sha512-B77tOZrqqfUfnVcOrUvfdLbz4pu4RopLD/4vmu3HUPswwTA8OH0EMW9BlWR2B0RCoiZRAHEUu7IxeP1Pd1UU+g==
  dependencies:
    domhandler "^5.0.2"
    parse5 "^7.0.0"

parse5@^7.0.0:
  version "7.1.2"
  resolved "https://registry.yarnpkg.com/parse5/-/parse5-7.1.2.tgz#0736bebbfd77793823240a23b7fc5e010b7f8e32"
  integrity sha512-Czj1WaSVpaoj0wbhMzLmWD69anp2WH7FXMB9n1Sy8/ZFF9jolSQVMu1Ij5WIyGmcBmhk7EOndpO4mIpihVqAXw==
  dependencies:
    entities "^4.4.0"

path-scurry@^1.5.0:
  version "1.5.0"
  resolved "https://registry.yarnpkg.com/path-scurry/-/path-scurry-1.5.0.tgz#ffc479e688064d16fc80fa8890389c56182c6463"
  integrity sha512-hJ8rODLI9B2qwsYAd32rrI76gwVUPeu5kq/do6URDj2bJCVH3ilyT978Mv/NLuFMaqzHrn3XtiDLMZHaTTh4vA==
  dependencies:
    lru-cache "^7.14.1"
    minipass "^4.0.2"

ramda@^0.28.0:
  version "0.28.0"
  resolved "https://registry.yarnpkg.com/ramda/-/ramda-0.28.0.tgz#acd785690100337e8b063cab3470019be427cc97"
  integrity sha512-9QnLuG/kPVgWvMQ4aODhsBUFKOUmnbUnsSXACv+NCQZcHbeb+v8Lodp8OVxtRULN1/xOyYLLaL6npE6dMq5QTA==

sprintf-js@~1.0.2:
  version "1.0.3"
  resolved "https://registry.yarnpkg.com/sprintf-js/-/sprintf-js-1.0.3.tgz#04e6926f662895354f3dd015203633b857297e2c"
  integrity sha512-D9cPgkvLlV3t3IzL0D0YLvGA9Ahk4PcvVwUbN0dSGr1aP0Nrt4AEnTUbuGvquEC0mA64Gqt1fzirlRs5ibXx8g==

uc.micro@^1.0.1, uc.micro@^1.0.5:
  version "1.0.6"
  resolved "https://registry.yarnpkg.com/uc.micro/-/uc.micro-1.0.6.tgz#9c411a802a409a91fc6cf74081baba34b24499ac"
  integrity sha512-8Y75pvTYkLJW2hWQHXxoqRgV7qb9B+9vFEtidML+7koHUFapnVJAZ6cKs+Qjz5Aw3aZWHMC6u0wJE3At+nSGwA==

"unorm@>= 1.0.0":
  version "1.6.0"
  resolved "https://registry.yarnpkg.com/unorm/-/unorm-1.6.0.tgz#029b289661fba714f1a9af439eb51d9b16c205af"
  integrity sha512-b2/KCUlYZUeA7JFUuRJZPUtr4gZvBh7tavtv4fvk4+KV9pfGiR6CQAQAWl49ZpR3ts2dk4FYkP7EIgDJoiOLDA==

uslug@^1.0.4:
  version "1.0.4"
  resolved "https://registry.yarnpkg.com/uslug/-/uslug-1.0.4.tgz#b9a22f0914e0a86140633dacc302e5f4fa450677"
  integrity sha512-Jrbpp/NS3TvIGNjfJT1sn3/BCeykoxR8GbNYW5lF6fUscLkbXFwj1b7m4DvIkHm8k3Qr6Co68lbTmoZTMGk/ow==
  dependencies:
    unorm ">= 1.0.0"

yarn-upgrade-all@^0.7.2:
  version "0.7.2"
  resolved "https://registry.yarnpkg.com/yarn-upgrade-all/-/yarn-upgrade-all-0.7.2.tgz#5d2afa9230661c55f22d3f848f22258db732ae20"
  integrity sha512-iVxmoBuNdpxeahAIehJ039Pp6S8zQ/qTENQRMV5hp7x/2tLGUzytCODIKZFjfUwcRRKT3boGgHheUEWC7+VlQw==
